
Microsoft Visual Studio Solution File, Format Version 12.00
# Visual Studio Version 17
VisualStudioVersion = 17.7.34221.43
MinimumVisualStudioVersion = 10.0.40219.1
Project("{FAE04EC0-301F-11D3-BF4B-00C04F79EFBC}") = "plusminus", "plusminus.csproj", "{5D92B679-2E2C-473D-B5D8-497CB8140271}"
EndProject
Global
	GlobalSection(SolutionConfigurationPlatforms) = preSolution
		Debug|Any CPU = Debug|Any CPU
		Release|Any CPU = Release|Any CPU
	EndGlobalSection
	GlobalSection(ProjectConfigurationPlatforms) = postSolution
		{5D92B679-2E2C-473D-B5D8-497CB8140271}.Debug|Any CPU.ActiveCfg = Debug|Any CPU
		{5D92B679-2E2C-473D-B5D8-497CB8140271}.Debug|Any CPU.Build.0 = Debug|Any CPU
		{5D92B679-2E2C-473D-B5D8-497CB8140271}.Release|Any CPU.ActiveCfg = Release|Any CPU
		{5D92B679-2E2C-473D-B5D8-497CB8140271}.Release|Any CPU.Build.0 = Release|Any CPU
	EndGlobalSection
	GlobalSection(SolutionProperties) = preSolution
		HideSolutionNode = FALSE
	EndGlobalSection
	GlobalSection(ExtensibilityGlobals) = postSolution
		SolutionGuid = {3D66AD76-AC12-448F-A550-3C83F7A2974C}
	EndGlobalSection
EndGlobal
